{
  "requires": true,
  "lockfileVersion": 1,
  "dependencies": {
    "spin.js": {
      "version": "3.1.0",
      "resolved": "https://registry.npmjs.org/spin.js/-/spin.js-3.1.0.tgz",
      "integrity": "sha512-FzuM8aiM8W1Ao/u3u5dQYwcArdKFKd5Zjz9zRaLLI5Y1AAVkbWg7OqMI1IZvpEAh1T59yTKZoFpDL9j9TNTuuA=="
    }
  }
}
